
Microsoft Visual Studio Solution File, Format Version 12.00
# Visual Studio Version 17
VisualStudioVersion = 17.4.33122.133
MinimumVisualStudioVersion = 10.0.40219.1
Project("{9A19103F-16F7-4668-BE54-9A1E7A4F7556}") = "Serwer", "Serwer\Serwer.csproj", "{6BA70D40-073F-4426-825F-6ADEDE54908F}"
EndProject
Project("{FAE04EC0-301F-11D3-BF4B-00C04F79EFBC}") = "Klient", "Klient\Klient.csproj", "{D1605C6B-1138-41C2-A9D1-07753050CE9B}"
EndProject
Global
	GlobalSection(SolutionConfigurationPlatforms) = preSolution
		Debug|Any CPU = Debug|Any CPU
		Debug|ARM64 = Debug|ARM64
		Debug|x64 = Debug|x64
		Debug|x86 = Debug|x86
		Release|Any CPU = Release|Any CPU
		Release|ARM64 = Release|ARM64
		Release|x64 = Release|x64
		Release|x86 = Release|x86
	EndGlobalSection
	GlobalSection(ProjectConfigurationPlatforms) = postSolution
		{6BA70D40-073F-4426-825F-6ADEDE54908F}.Debug|Any CPU.ActiveCfg = Debug|Any CPU
		{6BA70D40-073F-4426-825F-6ADEDE54908F}.Debug|Any CPU.Build.0 = Debug|Any CPU
		{6BA70D40-073F-4426-825F-6ADEDE54908F}.Debug|ARM64.ActiveCfg = Debug|Any CPU
		{6BA70D40-073F-4426-825F-6ADEDE54908F}.Debug|ARM64.Build.0 = Debug|Any CPU
		{6BA70D40-073F-4426-825F-6ADEDE54908F}.Debug|x64.ActiveCfg = Debug|Any CPU
		{6BA70D40-073F-4426-825F-6ADEDE54908F}.Debug|x64.Build.0 = Debug|Any CPU
		{6BA70D40-073F-4426-825F-6ADEDE54908F}.Debug|x86.ActiveCfg = Debug|Any CPU
		{6BA70D40-073F-4426-825F-6ADEDE54908F}.Debug|x86.Build.0 = Debug|Any CPU
		{6BA70D40-073F-4426-825F-6ADEDE54908F}.Release|Any CPU.ActiveCfg = Release|Any CPU
		{6BA70D40-073F-4426-825F-6ADEDE54908F}.Release|Any CPU.Build.0 = Release|Any CPU
		{6BA70D40-073F-4426-825F-6ADEDE54908F}.Release|ARM64.ActiveCfg = Release|Any CPU
		{6BA70D40-073F-4426-825F-6ADEDE54908F}.Release|ARM64.Build.0 = Release|Any CPU
		{6BA70D40-073F-4426-825F-6ADEDE54908F}.Release|x64.ActiveCfg = Release|Any CPU
		{6BA70D40-073F-4426-825F-6ADEDE54908F}.Release|x64.Build.0 = Release|Any CPU
		{6BA70D40-073F-4426-825F-6ADEDE54908F}.Release|x86.ActiveCfg = Release|Any CPU
		{6BA70D40-073F-4426-825F-6ADEDE54908F}.Release|x86.Build.0 = Release|Any CPU
		{D1605C6B-1138-41C2-A9D1-07753050CE9B}.Debug|Any CPU.ActiveCfg = Debug|x64
		{D1605C6B-1138-41C2-A9D1-07753050CE9B}.Debug|Any CPU.Build.0 = Debug|x64
		{D1605C6B-1138-41C2-A9D1-07753050CE9B}.Debug|Any CPU.Deploy.0 = Debug|x64
		{D1605C6B-1138-41C2-A9D1-07753050CE9B}.Debug|ARM64.ActiveCfg = Debug|ARM64
		{D1605C6B-1138-41C2-A9D1-07753050CE9B}.Debug|ARM64.Build.0 = Debug|ARM64
		{D1605C6B-1138-41C2-A9D1-07753050CE9B}.Debug|ARM64.Deploy.0 = Debug|ARM64
		{D1605C6B-1138-41C2-A9D1-07753050CE9B}.Debug|x64.ActiveCfg = Debug|x64
		{D1605C6B-1138-41C2-A9D1-07753050CE9B}.Debug|x64.Build.0 = Debug|x64
		{D1605C6B-1138-41C2-A9D1-07753050CE9B}.Debug|x64.Deploy.0 = Debug|x64
		{D1605C6B-1138-41C2-A9D1-07753050CE9B}.Debug|x86.ActiveCfg = Debug|x86
		{D1605C6B-1138-41C2-A9D1-07753050CE9B}.Debug|x86.Build.0 = Debug|x86
		{D1605C6B-1138-41C2-A9D1-07753050CE9B}.Debug|x86.Deploy.0 = Debug|x86
		{D1605C6B-1138-41C2-A9D1-07753050CE9B}.Release|Any CPU.ActiveCfg = Release|x64
		{D1605C6B-1138-41C2-A9D1-07753050CE9B}.Release|Any CPU.Build.0 = Release|x64
		{D1605C6B-1138-41C2-A9D1-07753050CE9B}.Release|Any CPU.Deploy.0 = Release|x64
		{D1605C6B-1138-41C2-A9D1-07753050CE9B}.Release|ARM64.ActiveCfg = Release|ARM64
		{D1605C6B-1138-41C2-A9D1-07753050CE9B}.Release|ARM64.Build.0 = Release|ARM64
		{D1605C6B-1138-41C2-A9D1-07753050CE9B}.Release|ARM64.Deploy.0 = Release|ARM64
		{D1605C6B-1138-41C2-A9D1-07753050CE9B}.Release|x64.ActiveCfg = Release|x64
		{D1605C6B-1138-41C2-A9D1-07753050CE9B}.Release|x64.Build.0 = Release|x64
		{D1605C6B-1138-41C2-A9D1-07753050CE9B}.Release|x64.Deploy.0 = Release|x64
		{D1605C6B-1138-41C2-A9D1-07753050CE9B}.Release|x86.ActiveCfg = Release|x86
		{D1605C6B-1138-41C2-A9D1-07753050CE9B}.Release|x86.Build.0 = Release|x86
		{D1605C6B-1138-41C2-A9D1-07753050CE9B}.Release|x86.Deploy.0 = Release|x86
	EndGlobalSection
	GlobalSection(SolutionProperties) = preSolution
		HideSolutionNode = FALSE
	EndGlobalSection
	GlobalSection(ExtensibilityGlobals) = postSolution
		SolutionGuid = {9E90E0AF-1EA4-48FF-8F6D-20D81797D269}
	EndGlobalSection
EndGlobal
