
Microsoft Visual Studio Solution File, Format Version 12.00
# Visual Studio Version 17
VisualStudioVersion = 17.4.33122.133
MinimumVisualStudioVersion = 10.0.40219.1
Project("{9A19103F-16F7-4668-BE54-9A1E7A4F7556}") = "Serwer", "Serwer\Serwer.csproj", "{6BA70D40-073F-4426-825F-6ADEDE54908F}"
EndProject
Project("{9A19103F-16F7-4668-BE54-9A1E7A4F7556}") = "Klient", "Klient\Klient.csproj", "{59FEB07C-5EEA-4259-B348-459210BDCCE0}"
EndProject
Project("{9A19103F-16F7-4668-BE54-9A1E7A4F7556}") = "Klient.Core", "Klient.Core\Klient.Core.csproj", "{3EA09C60-DC8A-4743-8C51-68ECF07E3C29}"
EndProject
Global
	GlobalSection(SolutionConfigurationPlatforms) = preSolution
		Debug|Any CPU = Debug|Any CPU
		Debug|ARM64 = Debug|ARM64
		Debug|x64 = Debug|x64
		Debug|x86 = Debug|x86
		Release|Any CPU = Release|Any CPU
		Release|ARM64 = Release|ARM64
		Release|x64 = Release|x64
		Release|x86 = Release|x86
	EndGlobalSection
	GlobalSection(ProjectConfigurationPlatforms) = postSolution
		{6BA70D40-073F-4426-825F-6ADEDE54908F}.Debug|Any CPU.ActiveCfg = Debug|Any CPU
		{6BA70D40-073F-4426-825F-6ADEDE54908F}.Debug|Any CPU.Build.0 = Debug|Any CPU
		{6BA70D40-073F-4426-825F-6ADEDE54908F}.Debug|ARM64.ActiveCfg = Debug|Any CPU
		{6BA70D40-073F-4426-825F-6ADEDE54908F}.Debug|ARM64.Build.0 = Debug|Any CPU
		{6BA70D40-073F-4426-825F-6ADEDE54908F}.Debug|x64.ActiveCfg = Debug|Any CPU
		{6BA70D40-073F-4426-825F-6ADEDE54908F}.Debug|x64.Build.0 = Debug|Any CPU
		{6BA70D40-073F-4426-825F-6ADEDE54908F}.Debug|x86.ActiveCfg = Debug|Any CPU
		{6BA70D40-073F-4426-825F-6ADEDE54908F}.Debug|x86.Build.0 = Debug|Any CPU
		{6BA70D40-073F-4426-825F-6ADEDE54908F}.Release|Any CPU.ActiveCfg = Release|Any CPU
		{6BA70D40-073F-4426-825F-6ADEDE54908F}.Release|Any CPU.Build.0 = Release|Any CPU
		{6BA70D40-073F-4426-825F-6ADEDE54908F}.Release|ARM64.ActiveCfg = Release|Any CPU
		{6BA70D40-073F-4426-825F-6ADEDE54908F}.Release|ARM64.Build.0 = Release|Any CPU
		{6BA70D40-073F-4426-825F-6ADEDE54908F}.Release|x64.ActiveCfg = Release|Any CPU
		{6BA70D40-073F-4426-825F-6ADEDE54908F}.Release|x64.Build.0 = Release|Any CPU
		{6BA70D40-073F-4426-825F-6ADEDE54908F}.Release|x86.ActiveCfg = Release|Any CPU
		{6BA70D40-073F-4426-825F-6ADEDE54908F}.Release|x86.Build.0 = Release|Any CPU
		{59FEB07C-5EEA-4259-B348-459210BDCCE0}.Debug|Any CPU.ActiveCfg = Debug|x64
		{59FEB07C-5EEA-4259-B348-459210BDCCE0}.Debug|Any CPU.Build.0 = Debug|x64
		{59FEB07C-5EEA-4259-B348-459210BDCCE0}.Debug|Any CPU.Deploy.0 = Debug|x64
		{59FEB07C-5EEA-4259-B348-459210BDCCE0}.Debug|ARM64.ActiveCfg = Debug|arm64
		{59FEB07C-5EEA-4259-B348-459210BDCCE0}.Debug|ARM64.Build.0 = Debug|arm64
		{59FEB07C-5EEA-4259-B348-459210BDCCE0}.Debug|ARM64.Deploy.0 = Debug|arm64
		{59FEB07C-5EEA-4259-B348-459210BDCCE0}.Debug|x64.ActiveCfg = Debug|x64
		{59FEB07C-5EEA-4259-B348-459210BDCCE0}.Debug|x64.Build.0 = Debug|x64
		{59FEB07C-5EEA-4259-B348-459210BDCCE0}.Debug|x64.Deploy.0 = Debug|x64
		{59FEB07C-5EEA-4259-B348-459210BDCCE0}.Debug|x86.ActiveCfg = Debug|x86
		{59FEB07C-5EEA-4259-B348-459210BDCCE0}.Debug|x86.Build.0 = Debug|x86
		{59FEB07C-5EEA-4259-B348-459210BDCCE0}.Debug|x86.Deploy.0 = Debug|x86
		{59FEB07C-5EEA-4259-B348-459210BDCCE0}.Release|Any CPU.ActiveCfg = Release|x64
		{59FEB07C-5EEA-4259-B348-459210BDCCE0}.Release|Any CPU.Build.0 = Release|x64
		{59FEB07C-5EEA-4259-B348-459210BDCCE0}.Release|Any CPU.Deploy.0 = Release|x64
		{59FEB07C-5EEA-4259-B348-459210BDCCE0}.Release|ARM64.ActiveCfg = Release|arm64
		{59FEB07C-5EEA-4259-B348-459210BDCCE0}.Release|ARM64.Build.0 = Release|arm64
		{59FEB07C-5EEA-4259-B348-459210BDCCE0}.Release|ARM64.Deploy.0 = Release|arm64
		{59FEB07C-5EEA-4259-B348-459210BDCCE0}.Release|x64.ActiveCfg = Release|x64
		{59FEB07C-5EEA-4259-B348-459210BDCCE0}.Release|x64.Build.0 = Release|x64
		{59FEB07C-5EEA-4259-B348-459210BDCCE0}.Release|x64.Deploy.0 = Release|x64
		{59FEB07C-5EEA-4259-B348-459210BDCCE0}.Release|x86.ActiveCfg = Release|x86
		{59FEB07C-5EEA-4259-B348-459210BDCCE0}.Release|x86.Build.0 = Release|x86
		{59FEB07C-5EEA-4259-B348-459210BDCCE0}.Release|x86.Deploy.0 = Release|x86
		{3EA09C60-DC8A-4743-8C51-68ECF07E3C29}.Debug|Any CPU.ActiveCfg = Debug|Any CPU
		{3EA09C60-DC8A-4743-8C51-68ECF07E3C29}.Debug|Any CPU.Build.0 = Debug|Any CPU
		{3EA09C60-DC8A-4743-8C51-68ECF07E3C29}.Debug|ARM64.ActiveCfg = Debug|arm64
		{3EA09C60-DC8A-4743-8C51-68ECF07E3C29}.Debug|ARM64.Build.0 = Debug|arm64
		{3EA09C60-DC8A-4743-8C51-68ECF07E3C29}.Debug|x64.ActiveCfg = Debug|x64
		{3EA09C60-DC8A-4743-8C51-68ECF07E3C29}.Debug|x64.Build.0 = Debug|x64
		{3EA09C60-DC8A-4743-8C51-68ECF07E3C29}.Debug|x86.ActiveCfg = Debug|x86
		{3EA09C60-DC8A-4743-8C51-68ECF07E3C29}.Debug|x86.Build.0 = Debug|x86
		{3EA09C60-DC8A-4743-8C51-68ECF07E3C29}.Release|Any CPU.ActiveCfg = Release|Any CPU
		{3EA09C60-DC8A-4743-8C51-68ECF07E3C29}.Release|Any CPU.Build.0 = Release|Any CPU
		{3EA09C60-DC8A-4743-8C51-68ECF07E3C29}.Release|ARM64.ActiveCfg = Release|arm64
		{3EA09C60-DC8A-4743-8C51-68ECF07E3C29}.Release|ARM64.Build.0 = Release|arm64
		{3EA09C60-DC8A-4743-8C51-68ECF07E3C29}.Release|x64.ActiveCfg = Release|x64
		{3EA09C60-DC8A-4743-8C51-68ECF07E3C29}.Release|x64.Build.0 = Release|x64
		{3EA09C60-DC8A-4743-8C51-68ECF07E3C29}.Release|x86.ActiveCfg = Release|x86
		{3EA09C60-DC8A-4743-8C51-68ECF07E3C29}.Release|x86.Build.0 = Release|x86
	EndGlobalSection
	GlobalSection(SolutionProperties) = preSolution
		HideSolutionNode = FALSE
	EndGlobalSection
	GlobalSection(ExtensibilityGlobals) = postSolution
		SolutionGuid = {9E90E0AF-1EA4-48FF-8F6D-20D81797D269}
	EndGlobalSection
EndGlobal
